
Microsoft Visual Studio Solution File, Format Version 12.00
# Visual Studio Version 17
VisualStudioVersion = 17.2.32526.322
MinimumVisualStudioVersion = 10.0.40219.1
Project("{FAE04EC0-301F-11D3-BF4B-00C04F79EFBC}") = "En Clase", "En Clase.csproj", "{01486CD8-E3BC-49A6-8423-A383F0BF1077}"
EndProject
Global
	GlobalSection(SolutionConfigurationPlatforms) = preSolution
		Debug|Any CPU = Debug|Any CPU
		Release|Any CPU = Release|Any CPU
	EndGlobalSection
	GlobalSection(ProjectConfigurationPlatforms) = postSolution
		{01486CD8-E3BC-49A6-8423-A383F0BF1077}.Debug|Any CPU.ActiveCfg = Debug|Any CPU
		{01486CD8-E3BC-49A6-8423-A383F0BF1077}.Debug|Any CPU.Build.0 = Debug|Any CPU
		{01486CD8-E3BC-49A6-8423-A383F0BF1077}.Release|Any CPU.ActiveCfg = Release|Any CPU
		{01486CD8-E3BC-49A6-8423-A383F0BF1077}.Release|Any CPU.Build.0 = Release|Any CPU
	EndGlobalSection
	GlobalSection(SolutionProperties) = preSolution
		HideSolutionNode = FALSE
	EndGlobalSection
	GlobalSection(ExtensibilityGlobals) = postSolution
		SolutionGuid = {02589A00-7D67-41F9-A764-5E9B010D85FC}
	EndGlobalSection
EndGlobal
