
Microsoft Visual Studio Solution File, Format Version 12.00
# Visual Studio Version 17
VisualStudioVersion = 17.2.32526.322
MinimumVisualStudioVersion = 10.0.40219.1
Project("{FAE04EC0-301F-11D3-BF4B-00C04F79EFBC}") = "Facturacion", "Facturacion.csproj", "{CE2F80E3-FCDF-43FD-9AC5-F885D8144F7E}"
EndProject
Global
	GlobalSection(SolutionConfigurationPlatforms) = preSolution
		Debug|Any CPU = Debug|Any CPU
		Release|Any CPU = Release|Any CPU
	EndGlobalSection
	GlobalSection(ProjectConfigurationPlatforms) = postSolution
		{CE2F80E3-FCDF-43FD-9AC5-F885D8144F7E}.Debug|Any CPU.ActiveCfg = Debug|Any CPU
		{CE2F80E3-FCDF-43FD-9AC5-F885D8144F7E}.Debug|Any CPU.Build.0 = Debug|Any CPU
		{CE2F80E3-FCDF-43FD-9AC5-F885D8144F7E}.Release|Any CPU.ActiveCfg = Release|Any CPU
		{CE2F80E3-FCDF-43FD-9AC5-F885D8144F7E}.Release|Any CPU.Build.0 = Release|Any CPU
	EndGlobalSection
	GlobalSection(SolutionProperties) = preSolution
		HideSolutionNode = FALSE
	EndGlobalSection
	GlobalSection(ExtensibilityGlobals) = postSolution
		SolutionGuid = {34F00BCE-CA74-4B9F-A906-42F2FBABDCE1}
	EndGlobalSection
EndGlobal
